// !$*UTF8*$!
{
	archiveVersion = 1;
	classes = {
	};
	objectVersion = 46;
	objects = {

/* Begin PBXBuildFile section */
		03530C4C14F0A86C002E9A5E /* Cocoa.framework in Frameworks */ = {isa = PBXBuildFile; fileRef = 03530C4B14F0A86C002E9A5E /* Cocoa.framework */; };
		03530C5614F0A86C002E9A5E /* InfoPlist.strings in Resources */ = {isa = PBXBuildFile; fileRef = 03530C5414F0A86C002E9A5E /* InfoPlist.strings */; };
		03530C5E14F0A886002E9A5E /* ReactionAddClass.xib in Resources */ = {isa = PBXBuildFile; fileRef = 03530C5D14F0A886002E9A5E /* ReactionAddClass.xib */; };
		03530C6114F0A8A5002E9A5E /* ReactionAddClass.m in Sources */ = {isa = PBXBuildFile; fileRef = 03530C6014F0A8A5002E9A5E /* ReactionAddClass.m */; };
		03530C6314F0A8ED002E9A5E /* RSTrixiePlugin.framework in Frameworks */ = {isa = PBXBuildFile; fileRef = 03530C6214F0A8ED002E9A5E /* RSTrixiePlugin.framework */; };
		03530C6514F0A8F6002E9A5E /* ReactionAddClass.h in Headers */ = {isa = PBXBuildFile; fileRef = 03530C5F14F0A8A5002E9A5E /* ReactionAddClass.h */; settings = {ATTRIBUTES = (Public, ); }; };
/* End PBXBuildFile section */

/* Begin PBXFileReference section */
		03530C4814F0A86C002E9A5E /* ReactionAddClass.bundle */ = {isa = PBXFileReference; explicitFileType = wrapper.cfbundle; includeInIndex = 0; path = ReactionAddClass.bundle; sourceTree = BUILT_PRODUCTS_DIR; };
		03530C4B14F0A86C002E9A5E /* Cocoa.framework */ = {isa = PBXFileReference; lastKnownFileType = wrapper.framework; name = Cocoa.framework; path = System/Library/Frameworks/Cocoa.framework; sourceTree = SDKROOT; };
		03530C4E14F0A86C002E9A5E /* AppKit.framework */ = {isa = PBXFileReference; lastKnownFileType = wrapper.framework; name = AppKit.framework; path = System/Library/Frameworks/AppKit.framework; sourceTree = SDKROOT; };
		03530C4F14F0A86C002E9A5E /* CoreData.framework */ = {isa = PBXFileReference; lastKnownFileType = wrapper.framework; name = CoreData.framework; path = System/Library/Frameworks/CoreData.framework; sourceTree = SDKROOT; };
		03530C5014F0A86C002E9A5E /* Foundation.framework */ = {isa = PBXFileReference; lastKnownFileType = wrapper.framework; name = Foundation.framework; path = System/Library/Frameworks/Foundation.framework; sourceTree = SDKROOT; };
		03530C5314F0A86C002E9A5E /* ReactionAddClass-Info.plist */ = {isa = PBXFileReference; lastKnownFileType = text.plist.xml; path = "ReactionAddClass-Info.plist"; sourceTree = "<group>"; };
		03530C5514F0A86C002E9A5E /* en */ = {isa = PBXFileReference; lastKnownFileType = text.plist.strings; name = en; path = en.lproj/InfoPlist.strings; sourceTree = "<group>"; };
		03530C5714F0A86C002E9A5E /* ReactionAddClass-Prefix.pch */ = {isa = PBXFileReference; lastKnownFileType = sourcecode.c.h; path = "ReactionAddClass-Prefix.pch"; sourceTree = "<group>"; };
		03530C5D14F0A886002E9A5E /* ReactionAddClass.xib */ = {isa = PBXFileReference; fileEncoding = 4; lastKnownFileType = file.xib; path = ReactionAddClass.xib; sourceTree = "<group>"; };
		03530C5F14F0A8A5002E9A5E /* ReactionAddClass.h */ = {isa = PBXFileReference; fileEncoding = 4; lastKnownFileType = sourcecode.c.h; path = ReactionAddClass.h; sourceTree = "<group>"; };
		03530C6014F0A8A5002E9A5E /* ReactionAddClass.m */ = {isa = PBXFileReference; fileEncoding = 4; lastKnownFileType = sourcecode.c.objc; path = ReactionAddClass.m; sourceTree = "<group>"; };
		03530C6214F0A8ED002E9A5E /* RSTrixiePlugin.framework */ = {isa = PBXFileReference; lastKnownFileType = wrapper.framework; name = RSTrixiePlugin.framework; path = "../../../../Library/Developer/Xcode/DerivedData/Workspace_Trixie-axnfrbtrkoszpiehooyethumxqxg/Build/Products/Debug/RSTrixiePlugin.framework"; sourceTree = "<group>"; };
/* End PBXFileReference section */

/* Begin PBXFrameworksBuildPhase section */
		03530C4514F0A86C002E9A5E /* Frameworks */ = {
			isa = PBXFrameworksBuildPhase;
			buildActionMask = 2147483647;
			files = (
				03530C6314F0A8ED002E9A5E /* RSTrixiePlugin.framework in Frameworks */,
				03530C4C14F0A86C002E9A5E /* Cocoa.framework in Frameworks */,
			);
			runOnlyForDeploymentPostprocessing = 0;
		};
/* End PBXFrameworksBuildPhase section */

/* Begin PBXGroup section */
		03530C3D14F0A86C002E9A5E = {
			isa = PBXGroup;
			children = (
				03530C5114F0A86C002E9A5E /* ReactionAddClass */,
				03530C4A14F0A86C002E9A5E /* Frameworks */,
				03530C4914F0A86C002E9A5E /* Products */,
			);
			sourceTree = "<group>";
		};
		03530C4914F0A86C002E9A5E /* Products */ = {
			isa = PBXGroup;
			children = (
				03530C4814F0A86C002E9A5E /* ReactionAddClass.bundle */,
			);
			name = Products;
			sourceTree = "<group>";
		};
		03530C4A14F0A86C002E9A5E /* Frameworks */ = {
			isa = PBXGroup;
			children = (
				03530C6214F0A8ED002E9A5E /* RSTrixiePlugin.framework */,
				03530C4B14F0A86C002E9A5E /* Cocoa.framework */,
				03530C4D14F0A86C002E9A5E /* Other Frameworks */,
			);
			name = Frameworks;
			sourceTree = "<group>";
		};
		03530C4D14F0A86C002E9A5E /* Other Frameworks */ = {
			isa = PBXGroup;
			children = (
				03530C4E14F0A86C002E9A5E /* AppKit.framework */,
				03530C4F14F0A86C002E9A5E /* CoreData.framework */,
				03530C5014F0A86C002E9A5E /* Foundation.framework */,
			);
			name = "Other Frameworks";
			sourceTree = "<group>";
		};
		03530C5114F0A86C002E9A5E /* ReactionAddClass */ = {
			isa = PBXGroup;
			children = (
				03530C5214F0A86C002E9A5E /* Supporting Files */,
				03530C5F14F0A8A5002E9A5E /* ReactionAddClass.h */,
				03530C6014F0A8A5002E9A5E /* ReactionAddClass.m */,
				03530C5D14F0A886002E9A5E /* ReactionAddClass.xib */,
			);
			path = ReactionAddClass;
			sourceTree = "<group>";
		};
		03530C5214F0A86C002E9A5E /* Supporting Files */ = {
			isa = PBXGroup;
			children = (
				03530C5314F0A86C002E9A5E /* ReactionAddClass-Info.plist */,
				03530C5414F0A86C002E9A5E /* InfoPlist.strings */,
				03530C5714F0A86C002E9A5E /* ReactionAddClass-Prefix.pch */,
			);
			name = "Supporting Files";
			sourceTree = "<group>";
		};
/* End PBXGroup section */

/* Begin PBXHeadersBuildPhase section */
		03530C6414F0A8F0002E9A5E /* Headers */ = {
			isa = PBXHeadersBuildPhase;
			buildActionMask = 2147483647;
			files = (
				03530C6514F0A8F6002E9A5E /* ReactionAddClass.h in Headers */,
			);
			runOnlyForDeploymentPostprocessing = 0;
		};
/* End PBXHeadersBuildPhase section */

/* Begin PBXNativeTarget section */
		03530C4714F0A86C002E9A5E /* ReactionAddClass */ = {
			isa = PBXNativeTarget;
			buildConfigurationList = 03530C5A14F0A86C002E9A5E /* Build configuration list for PBXNativeTarget "ReactionAddClass" */;
			buildPhases = (
				03530C4414F0A86C002E9A5E /* Sources */,
				03530C4514F0A86C002E9A5E /* Frameworks */,
				03530C4614F0A86C002E9A5E /* Resources */,
				03530C6414F0A8F0002E9A5E /* Headers */,
			);
			buildRules = (
			);
			dependencies = (
			);
			name = ReactionAddClass;
			productName = ReactionAddClass;
			productReference = 03530C4814F0A86C002E9A5E /* ReactionAddClass.bundle */;
			productType = "com.apple.product-type.bundle";
		};
/* End PBXNativeTarget section */

/* Begin PBXProject section */
		03530C3F14F0A86C002E9A5E /* Project object */ = {
			isa = PBXProject;
			attributes = {
				LastUpgradeCheck = 0430;
				ORGANIZATIONNAME = "Roaring Sky";
			};
			buildConfigurationList = 03530C4214F0A86C002E9A5E /* Build configuration list for PBXProject "ReactionAddClass" */;
			compatibilityVersion = "Xcode 3.2";
			developmentRegion = English;
			hasScannedForEncodings = 0;
			knownRegions = (
				en,
			);
			mainGroup = 03530C3D14F0A86C002E9A5E;
			productRefGroup = 03530C4914F0A86C002E9A5E /* Products */;
			projectDirPath = "";
			projectRoot = "";
			targets = (
				03530C4714F0A86C002E9A5E /* ReactionAddClass */,
			);
		};
/* End PBXProject section */

/* Begin PBXResourcesBuildPhase section */
		03530C4614F0A86C002E9A5E /* Resources */ = {
			isa = PBXResourcesBuildPhase;
			buildActionMask = 2147483647;
			files = (
				03530C5614F0A86C002E9A5E /* InfoPlist.strings in Resources */,
				03530C5E14F0A886002E9A5E /* ReactionAddClass.xib in Resources */,
			);
			runOnlyForDeploymentPostprocessing = 0;
		};
/* End PBXResourcesBuildPhase section */

/* Begin PBXSourcesBuildPhase section */
		03530C4414F0A86C002E9A5E /* Sources */ = {
			isa = PBXSourcesBuildPhase;
			buildActionMask = 2147483647;
			files = (
				03530C6114F0A8A5002E9A5E /* ReactionAddClass.m in Sources */,
			);
			runOnlyForDeploymentPostprocessing = 0;
		};
/* End PBXSourcesBuildPhase section */

/* Begin PBXVariantGroup section */
		03530C5414F0A86C002E9A5E /* InfoPlist.strings */ = {
			isa = PBXVariantGroup;
			children = (
				03530C5514F0A86C002E9A5E /* en */,
			);
			name = InfoPlist.strings;
			sourceTree = "<group>";
		};
/* End PBXVariantGroup section */

/* Begin XCBuildConfiguration section */
		03530C5814F0A86C002E9A5E /* Debug */ = {
			isa = XCBuildConfiguration;
			buildSettings = {
				ALWAYS_SEARCH_USER_PATHS = NO;
				ARCHS = "$(ARCHS_STANDARD_64_BIT)";
				CLANG_ENABLE_OBJC_ARC = YES;
				COPY_PHASE_STRIP = NO;
				GCC_C_LANGUAGE_STANDARD = gnu99;
				GCC_DYNAMIC_NO_PIC = NO;
				GCC_ENABLE_OBJC_EXCEPTIONS = YES;
				GCC_OPTIMIZATION_LEVEL = 0;
				GCC_PREPROCESSOR_DEFINITIONS = (
					"DEBUG=1",
					"$(inherited)",
				);
				GCC_SYMBOLS_PRIVATE_EXTERN = NO;
				GCC_VERSION = com.apple.compilers.llvm.clang.1_0;
				GCC_WARN_64_TO_32_BIT_CONVERSION = YES;
				GCC_WARN_ABOUT_MISSING_PROTOTYPES = YES;
				GCC_WARN_ABOUT_RETURN_TYPE = YES;
				GCC_WARN_UNUSED_VARIABLE = YES;
				MACOSX_DEPLOYMENT_TARGET = 10.7;
				ONLY_ACTIVE_ARCH = YES;
				SDKROOT = macosx;
			};
			name = Debug;
		};
		03530C5914F0A86C002E9A5E /* Release */ = {
			isa = XCBuildConfiguration;
			buildSettings = {
				ALWAYS_SEARCH_USER_PATHS = NO;
				ARCHS = "$(ARCHS_STANDARD_64_BIT)";
				CLANG_ENABLE_OBJC_ARC = YES;
				COPY_PHASE_STRIP = YES;
				DEBUG_INFORMATION_FORMAT = "dwarf-with-dsym";
				GCC_C_LANGUAGE_STANDARD = gnu99;
				GCC_ENABLE_OBJC_EXCEPTIONS = YES;
				GCC_VERSION = com.apple.compilers.llvm.clang.1_0;
				GCC_WARN_64_TO_32_BIT_CONVERSION = YES;
				GCC_WARN_ABOUT_MISSING_PROTOTYPES = YES;
				GCC_WARN_ABOUT_RETURN_TYPE = YES;
				GCC_WARN_UNUSED_VARIABLE = YES;
				MACOSX_DEPLOYMENT_TARGET = 10.7;
				SDKROOT = macosx;
			};
			name = Release;
		};
		03530C5B14F0A86C002E9A5E /* Debug */ = {
			isa = XCBuildConfiguration;
			buildSettings = {
				FRAMEWORK_SEARCH_PATHS = (
					"~/Code/Workspaces/Trixie/RSTrixiePlugin/RSTrixiePlugin",
					"\"$(SRCROOT)/../../../../Library/Developer/Xcode/DerivedData/Workspace_Trixie-axnfrbtrkoszpiehooyethumxqxg/Build/Products/Debug\"",
				);
				GCC_PRECOMPILE_PREFIX_HEADER = YES;
				GCC_PREFIX_HEADER = "ReactionAddClass/ReactionAddClass-Prefix.pch";
				INFOPLIST_FILE = "ReactionAddClass/ReactionAddClass-Info.plist";
				INSTALL_PATH = "@executable_path/../Plugins";
				LD_RUNPATH_SEARCH_PATHS = "@executable_path/../Frameworks";
				PRODUCT_NAME = "$(TARGET_NAME)";
				WRAPPER_EXTENSION = bundle;
			};
			name = Debug;
		};
		03530C5C14F0A86C002E9A5E /* Release */ = {
			isa = XCBuildConfiguration;
			buildSettings = {
				FRAMEWORK_SEARCH_PATHS = (
					"~/Code/Workspaces/Trixie/RSTrixiePlugin/RSTrixiePlugin",
					"\"$(SRCROOT)/../../../../Library/Developer/Xcode/DerivedData/Workspace_Trixie-axnfrbtrkoszpiehooyethumxqxg/Build/Products/Debug\"",
				);
				GCC_PRECOMPILE_PREFIX_HEADER = YES;
				GCC_PREFIX_HEADER = "ReactionAddClass/ReactionAddClass-Prefix.pch";
				INFOPLIST_FILE = "ReactionAddClass/ReactionAddClass-Info.plist";
				INSTALL_PATH = "@executable_path/../Plugins";
				LD_RUNPATH_SEARCH_PATHS = "@executable_path/../Frameworks";
				PRODUCT_NAME = "$(TARGET_NAME)";
				WRAPPER_EXTENSION = bundle;
			};
			name = Release;
		};
/* End XCBuildConfiguration section */

/* Begin XCConfigurationList section */
		03530C4214F0A86C002E9A5E /* Build configuration list for PBXProject "ReactionAddClass" */ = {
			isa = XCConfigurationList;
			buildConfigurations = (
				03530C5814F0A86C002E9A5E /* Debug */,
				03530C5914F0A86C002E9A5E /* Release */,
			);
			defaultConfigurationIsVisible = 0;
			defaultConfigurationName = Release;
		};
		03530C5A14F0A86C002E9A5E /* Build configuration list for PBXNativeTarget "ReactionAddClass" */ = {
			isa = XCConfigurationList;
			buildConfigurations = (
				03530C5B14F0A86C002E9A5E /* Debug */,
				03530C5C14F0A86C002E9A5E /* Release */,
			);
			defaultConfigurationIsVisible = 0;
			defaultConfigurationName = Release;
		};
/* End XCConfigurationList section */
	};
	rootObject = 03530C3F14F0A86C002E9A5E /* Project object */;
}
